github.com/BurntSushi/toml v0.3.1/go.mod h1:xHWCNGjB5oqiDr8zfno3MHue2Ht5sIBksp03qcyfWMU=
github.com/davecgh/go-spew v1.1.0 h1:ZDRjVQ15GmhC3fiQ8ni8+OwkZQO4DARzQgrnXU1Liz8=
github.com/davecgh/go-spew v1.1.0/go.mod h1:J7Y8YcW2NihsgmVo/mv3lAwl/skON4iLHjSsI+c5H38=
github.com/gorilla/websocket v1.4.2 h1:+/TMaTYc4QFitKJxsQ7Yye35DkWvkdLcvGKqM+x0Ufc=
github.com/gorilla/websocket v1.4.2/go.mod h1:YR8l580nyteQvAITg2hZ9XVh4b55+EU/adAjf1fMHhE=
github.com/pmezard/go-difflib v1.0.0 h1:4DBwDE0NGyQoBHbLQYPwSUPoCMWR5BEzIk/f1lZbAQM=
github.com/pmezard/go-difflib v1.0.0/go.mod h1:iKH77koFhYxTK1pcRnkKkqfTogsbg7gZNVY4sRDYZ/4=
github.com/stretchr/objx v0.1.0/go.mod h1:HFkY916IF+rwdDfMAkV7OtwuqBVzrE8GR6GFx+wExME=
github.com/stretchr/testify v1.4.0/go.mod h1:j7eGeouHqKxXV5pUuKE4zz7dFj8WfuZ+81PSLYec5m4=
github.com/stretchr/testify v1.7.0 h1:nwc3DEeHmmLAfoZucVR881uASk0Mfjw8xYJ99tb5CcY=
github.com/stretchr/testify v1.7.0/go.mod h1:6Fq8oRcR53rry900zMqJjRRixrwX3KX962/h/Wwjteg=
github.com/vogo/fsnotify v1.4.10-0.20210606062753-a470c8d404e0 h1:shwCWdzShrGvCk9bhicXFMPCPbxE+EqzJtMKd3Lbrn4=
github.com/vogo/fsnotify v1.4.10-0.20210606062753-a470c8d404e0/go.mod h1:eNmmuMP+7CDRMeHrX0U8GN3rAY4Ar7GprPWoW0iuBYI=
github.com/vogo/fwatch v1.0.0 h1:L4vy/Mvz0Qi+c5pSyLpqC5BGZhmyRy7UeAB8HnRA1dY=
github.com/vogo/fwatch v1.0.0/go.mod h1:F3Xwf1FXucp0lxXRaK/YDBIp8Wp8LIfLNW2UdifxDrk=
github.com/vogo/gstop v1.0.0/go.mod h1:xw3MTGyblZVO5nS85+tjW/rMceoH/cxc3QtV72LAv14=
github.com/vogo/gstop v1.1.0 h1:M16hf4KY1+/O9Ezeb7dUV0JKO1sb9aLFY0IR08fdRV8=
github.com/vogo/gstop v1.1.0/go.mod h1:xw3MTGyblZVO5nS85+tjW/rMceoH/cxc3QtV72LAv14=
github.com/vogo/logger v1.3.0 h1:dofEemPRR1eGcVsUPmFWQnQ72EiH9EXzLFZU8EN/EVQ=
github.com/vogo/logger v1.3.0/go.mod h1:JNvSUGbxH+Et7KQrPr8Zmg9BWb4piD0yEooLiUVz+y8=
github.com/vogo/vogo v0.0.0-20210123113352-5c0b9fc41f4d h1:M0+dbElFOh7Zcn35T/x9+iwfelhJ95veLicWuV6rRcg=
github.com/vogo/vogo v0.0.0-20210123113352-5c0b9fc41f4d/go.mod h1:KtJ7mSWRPf9zt9Kui06oJ2x5BPVIuNinCy1od5u0ixg=
golang.org/x/sys v0.0.0-20210603125802-9665404d3644/go.mod h1:oPkhp1MJrh7nUepCBck5+mAzfO9JrbApNNgaTdGDITg=
golang.org/x/sys v0.0.0-20210806184541-e5e7981a1069 h1:siQdpVirKtzPhKl3lZWozZraCFObP8S1v6PRp0bLrtU=
golang.org/x/sys v0.0.0-20210806184541-e5e7981a1069/go.mod h1:oPkhp1MJrh7nUepCBck5+mAzfO9JrbApNNgaTdGDITg=
gopkg.in/check.v1 v0.0.0-20161208181325-20d25e280405 h1:yhCVgyC4o1eVCa2tZl7eS0r+SDo693bJlVdllGtEeKM=
gopkg.in/check.v1 v0.0.0-20161208181325-20d25e280405/go.mod h1:Co6ibVJAznAaIkqp8huTwlJQCZ016jof/cbN4VW5Yz0=
gopkg.in/natefinch/lumberjack.v2 v2.0.0 h1:1Lc07Kr7qY4U2YPouBjpCLxpiyxIVoxqXgkXLknAOE8=
gopkg.in/natefinch/lumberjack.v2 v2.0.0/go.mod h1:l0ndWWf7gzL7RNwBG7wST/UCcT4T24xpD6X8LsfU/+k=
gopkg.in/yaml.v2 v2.2.2/go.mod h1:hI93XBmqTisBFMUTm0b8Fm+jr3Dg1NNxqwp+5A1VGuI=
gopkg.in/yaml.v3 v3.0.0-20200313102051-9f266ea9e77c h1:dUUwHk2QECo/6vqA44rthZ8ie2QXMNeKRTHCNY2nXvo=
gopkg.in/yaml.v3 v3.0.0-20200313102051-9f266ea9e77c/go.mod h1:K4uyk7z7BCEPqu6E+C64Yfv1cQ7kz7rIZviUmN+EgEM=
